// !$*UTF8*$!
{
	archiveVersion = 1;
	classes = {
	};
	objectVersion = 46;
	objects = {

/* Begin PBXBuildFile section */
		3FF500489D0F8511DC297021 /* Pods_HotLikeMeTests.framework in Frameworks */ = {isa = PBXBuildFile; fileRef = AB6C2DF49E021DB3DBD6EB1B /* Pods_HotLikeMeTests.framework */; };
		6AEE62CA7E41F99491B3B711 /* Pods_HotLikeMeUITests.framework in Frameworks */ = {isa = PBXBuildFile; fileRef = 844ADF8DDE6C46590D280496 /* Pods_HotLikeMeUITests.framework */; };
		7601290C5E821D0C45A04353 /* Pods_HotLikeMe.framework in Frameworks */ = {isa = PBXBuildFile; fileRef = 5F4BFF0CA240A11935FE9A0E /* Pods_HotLikeMe.framework */; };
		8B1186C01DE5EF93009F5C67 /* FireConnection.swift in Sources */ = {isa = PBXBuildFile; fileRef = 8B1186BF1DE5EF93009F5C67 /* FireConnection.swift */; };
		8B1186C41DE63946009F5C67 /* SelectProfilePicCollectionViewController.swift in Sources */ = {isa = PBXBuildFile; fileRef = 8B1186C31DE63946009F5C67 /* SelectProfilePicCollectionViewController.swift */; };
		8BA016021DDCD2DC0042B165 /* AppDelegate.swift in Sources */ = {isa = PBXBuildFile; fileRef = 8BA016011DDCD2DC0042B165 /* AppDelegate.swift */; };
		8BA016071DDCD2DC0042B165 /* Main.storyboard in Resources */ = {isa = PBXBuildFile; fileRef = 8BA016051DDCD2DC0042B165 /* Main.storyboard */; };
		8BA016091DDCD2DC0042B165 /* Assets.xcassets in Resources */ = {isa = PBXBuildFile; fileRef = 8BA016081DDCD2DC0042B165 /* Assets.xcassets */; };
		8BA0160C1DDCD2DC0042B165 /* LaunchScreen.storyboard in Resources */ = {isa = PBXBuildFile; fileRef = 8BA0160A1DDCD2DC0042B165 /* LaunchScreen.storyboard */; };
		8BA016171DDCD2DD0042B165 /* HotLikeMeTests.swift in Sources */ = {isa = PBXBuildFile; fileRef = 8BA016161DDCD2DD0042B165 /* HotLikeMeTests.swift */; };
		8BA016221DDCD2DD0042B165 /* HotLikeMeUITests.swift in Sources */ = {isa = PBXBuildFile; fileRef = 8BA016211DDCD2DD0042B165 /* HotLikeMeUITests.swift */; };
		8BA016391DDCE4310042B165 /* HLMPageViewController.swift in Sources */ = {isa = PBXBuildFile; fileRef = 8BA016381DDCE4310042B165 /* HLMPageViewController.swift */; };
		8BA0163B1DDCF2010042B165 /* LoginViewController.swift in Sources */ = {isa = PBXBuildFile; fileRef = 8BA0163A1DDCF2010042B165 /* LoginViewController.swift */; };
		8BA0163D1DDD080D0042B165 /* RatingControl.swift in Sources */ = {isa = PBXBuildFile; fileRef = 8BA0163C1DDD080D0042B165 /* RatingControl.swift */; };
		8BD3C8421DF8661300D52483 /* ChatUserListTableViewController.swift in Sources */ = {isa = PBXBuildFile; fileRef = 8BD3C8411DF8661300D52483 /* ChatUserListTableViewController.swift */; };
		8BD3C8441DF867B900D52483 /* ChatUserCellTableViewCell.swift in Sources */ = {isa = PBXBuildFile; fileRef = 8BD3C8431DF867B900D52483 /* ChatUserCellTableViewCell.swift */; };
		8BD3C8461DF8851E00D52483 /* Users.swift in Sources */ = {isa = PBXBuildFile; fileRef = 8BD3C8451DF8851E00D52483 /* Users.swift */; };
		8BEA787E1DDE2E530092B093 /* GoogleService-Info.plist in Resources */ = {isa = PBXBuildFile; fileRef = 8BEA787D1DDE2E530092B093 /* GoogleService-Info.plist */; };
		8BECB9B41DEF68F0005A6E6B /* UsersViewController.swift in Sources */ = {isa = PBXBuildFile; fileRef = 8BECB9B31DEF68F0005A6E6B /* UsersViewController.swift */; };
		8BF453431DE4D88300C43195 /* UploadImageCollectionViewController.swift in Sources */ = {isa = PBXBuildFile; fileRef = 8BF453421DE4D88300C43195 /* UploadImageCollectionViewController.swift */; };
		8BF4C6371DF9EDFC0007A0EC /* ChatViewController.swift in Sources */ = {isa = PBXBuildFile; fileRef = 8BF4C6361DF9EDFC0007A0EC /* ChatViewController.swift */; };
		8BF4C63C1DF9EF230007A0EC /* FireCollectionViewCell.swift in Sources */ = {isa = PBXBuildFile; fileRef = 8BF4C63A1DF9EF230007A0EC /* FireCollectionViewCell.swift */; };
		8BF4C63D1DF9EF230007A0EC /* ThumbCollectionViewCell.swift in Sources */ = {isa = PBXBuildFile; fileRef = 8BF4C63B1DF9EF230007A0EC /* ThumbCollectionViewCell.swift */; };
		8BFB3B321DDE4121005246DB /* Helper.swift in Sources */ = {isa = PBXBuildFile; fileRef = 8BFB3B311DDE4121005246DB /* Helper.swift */; };
/* End PBXBuildFile section */

/* Begin PBXContainerItemProxy section */
		8BA016131DDCD2DD0042B165 /* PBXContainerItemProxy */ = {
			isa = PBXContainerItemProxy;
			containerPortal = 8BA015F61DDCD2DC0042B165 /* Project object */;
			proxyType = 1;
			remoteGlobalIDString = 8BA015FD1DDCD2DC0042B165;
			remoteInfo = HotLikeMe;
		};
		8BA0161E1DDCD2DD0042B165 /* PBXContainerItemProxy */ = {
			isa = PBXContainerItemProxy;
			containerPortal = 8BA015F61DDCD2DC0042B165 /* Project object */;
			proxyType = 1;
			remoteGlobalIDString = 8BA015FD1DDCD2DC0042B165;
			remoteInfo = HotLikeMe;
		};
/* End PBXContainerItemProxy section */

/* Begin PBXFileReference section */
		0B66EEDC9B8006B2EC8C2221 /* Pods-HotLikeMeUITests.release.xcconfig */ = {isa = PBXFileReference; includeInIndex = 1; lastKnownFileType = text.xcconfig; name = "Pods-HotLikeMeUITests.release.xcconfig"; path = "Pods/Target Support Files/Pods-HotLikeMeUITests/Pods-HotLikeMeUITests.release.xcconfig"; sourceTree = "<group>"; };
		2235AA183AA185F3B0D962F9 /* Pods-HotLikeMeTests.release.xcconfig */ = {isa = PBXFileReference; includeInIndex = 1; lastKnownFileType = text.xcconfig; name = "Pods-HotLikeMeTests.release.xcconfig"; path = "Pods/Target Support Files/Pods-HotLikeMeTests/Pods-HotLikeMeTests.release.xcconfig"; sourceTree = "<group>"; };
		299D7A2E8B20DDFCF7218BB8 /* Pods-HotLikeMe.debug.xcconfig */ = {isa = PBXFileReference; includeInIndex = 1; lastKnownFileType = text.xcconfig; name = "Pods-HotLikeMe.debug.xcconfig"; path = "Pods/Target Support Files/Pods-HotLikeMe/Pods-HotLikeMe.debug.xcconfig"; sourceTree = "<group>"; };
		5F4BFF0CA240A11935FE9A0E /* Pods_HotLikeMe.framework */ = {isa = PBXFileReference; explicitFileType = wrapper.framework; includeInIndex = 0; path = Pods_HotLikeMe.framework; sourceTree = BUILT_PRODUCTS_DIR; };
		6B8952C1F193439A9C944860 /* Pods-HotLikeMe.release.xcconfig */ = {isa = PBXFileReference; includeInIndex = 1; lastKnownFileType = text.xcconfig; name = "Pods-HotLikeMe.release.xcconfig"; path = "Pods/Target Support Files/Pods-HotLikeMe/Pods-HotLikeMe.release.xcconfig"; sourceTree = "<group>"; };
		844ADF8DDE6C46590D280496 /* Pods_HotLikeMeUITests.framework */ = {isa = PBXFileReference; explicitFileType = wrapper.framework; includeInIndex = 0; path = Pods_HotLikeMeUITests.framework; sourceTree = BUILT_PRODUCTS_DIR; };
		8B1186BF1DE5EF93009F5C67 /* FireConnection.swift */ = {isa = PBXFileReference; fileEncoding = 4; lastKnownFileType = sourcecode.swift; path = FireConnection.swift; sourceTree = "<group>"; };
		8B1186C31DE63946009F5C67 /* SelectProfilePicCollectionViewController.swift */ = {isa = PBXFileReference; fileEncoding = 4; lastKnownFileType = sourcecode.swift; path = SelectProfilePicCollectionViewController.swift; sourceTree = "<group>"; };
		8BA015FE1DDCD2DC0042B165 /* HotLikeMe.app */ = {isa = PBXFileReference; explicitFileType = wrapper.application; includeInIndex = 0; path = HotLikeMe.app; sourceTree = BUILT_PRODUCTS_DIR; };
		8BA016011DDCD2DC0042B165 /* AppDelegate.swift */ = {isa = PBXFileReference; lastKnownFileType = sourcecode.swift; path = AppDelegate.swift; sourceTree = "<group>"; };
		8BA016061DDCD2DC0042B165 /* Base */ = {isa = PBXFileReference; lastKnownFileType = file.storyboard; name = Base; path = Base.lproj/Main.storyboard; sourceTree = "<group>"; };
		8BA016081DDCD2DC0042B165 /* Assets.xcassets */ = {isa = PBXFileReference; lastKnownFileType = folder.assetcatalog; path = Assets.xcassets; sourceTree = "<group>"; };
		8BA0160B1DDCD2DC0042B165 /* Base */ = {isa = PBXFileReference; lastKnownFileType = file.storyboard; name = Base; path = Base.lproj/LaunchScreen.storyboard; sourceTree = "<group>"; };
		8BA0160D1DDCD2DC0042B165 /* Info.plist */ = {isa = PBXFileReference; lastKnownFileType = text.plist.xml; path = Info.plist; sourceTree = "<group>"; };
		8BA016121DDCD2DD0042B165 /* HotLikeMeTests.xctest */ = {isa = PBXFileReference; explicitFileType = wrapper.cfbundle; includeInIndex = 0; path = HotLikeMeTests.xctest; sourceTree = BUILT_PRODUCTS_DIR; };
		8BA016161DDCD2DD0042B165 /* HotLikeMeTests.swift */ = {isa = PBXFileReference; lastKnownFileType = sourcecode.swift; path = HotLikeMeTests.swift; sourceTree = "<group>"; };
		8BA016181DDCD2DD0042B165 /* Info.plist */ = {isa = PBXFileReference; lastKnownFileType = text.plist.xml; path = Info.plist; sourceTree = "<group>"; };
		8BA0161D1DDCD2DD0042B165 /* HotLikeMeUITests.xctest */ = {isa = PBXFileReference; explicitFileType = wrapper.cfbundle; includeInIndex = 0; path = HotLikeMeUITests.xctest; sourceTree = BUILT_PRODUCTS_DIR; };
		8BA016211DDCD2DD0042B165 /* HotLikeMeUITests.swift */ = {isa = PBXFileReference; lastKnownFileType = sourcecode.swift; path = HotLikeMeUITests.swift; sourceTree = "<group>"; };
		8BA016231DDCD2DD0042B165 /* Info.plist */ = {isa = PBXFileReference; lastKnownFileType = text.plist.xml; path = Info.plist; sourceTree = "<group>"; };
		8BA016381DDCE4310042B165 /* HLMPageViewController.swift */ = {isa = PBXFileReference; fileEncoding = 4; lastKnownFileType = sourcecode.swift; path = HLMPageViewController.swift; sourceTree = "<group>"; };
		8BA0163A1DDCF2010042B165 /* LoginViewController.swift */ = {isa = PBXFileReference; fileEncoding = 4; lastKnownFileType = sourcecode.swift; path = LoginViewController.swift; sourceTree = "<group>"; };
		8BA0163C1DDD080D0042B165 /* RatingControl.swift */ = {isa = PBXFileReference; fileEncoding = 4; lastKnownFileType = sourcecode.swift; path = RatingControl.swift; sourceTree = "<group>"; };
		8BD3C8411DF8661300D52483 /* ChatUserListTableViewController.swift */ = {isa = PBXFileReference; fileEncoding = 4; lastKnownFileType = sourcecode.swift; path = ChatUserListTableViewController.swift; sourceTree = "<group>"; };
		8BD3C8431DF867B900D52483 /* ChatUserCellTableViewCell.swift */ = {isa = PBXFileReference; fileEncoding = 4; lastKnownFileType = sourcecode.swift; path = ChatUserCellTableViewCell.swift; sourceTree = "<group>"; };
		8BD3C8451DF8851E00D52483 /* Users.swift */ = {isa = PBXFileReference; fileEncoding = 4; lastKnownFileType = sourcecode.swift; path = Users.swift; sourceTree = "<group>"; };
		8BEA787D1DDE2E530092B093 /* GoogleService-Info.plist */ = {isa = PBXFileReference; fileEncoding = 4; lastKnownFileType = text.plist.xml; path = "GoogleService-Info.plist"; sourceTree = "<group>"; };
		8BEA787F1DDE37E10092B093 /* HotLikeMe.entitlements */ = {isa = PBXFileReference; lastKnownFileType = text.plist.entitlements; path = HotLikeMe.entitlements; sourceTree = "<group>"; };
		8BECB9B31DEF68F0005A6E6B /* UsersViewController.swift */ = {isa = PBXFileReference; fileEncoding = 4; lastKnownFileType = sourcecode.swift; path = UsersViewController.swift; sourceTree = "<group>"; };
		8BF453421DE4D88300C43195 /* UploadImageCollectionViewController.swift */ = {isa = PBXFileReference; fileEncoding = 4; lastKnownFileType = sourcecode.swift; path = UploadImageCollectionViewController.swift; sourceTree = "<group>"; };
		8BF4C6361DF9EDFC0007A0EC /* ChatViewController.swift */ = {isa = PBXFileReference; fileEncoding = 4; lastKnownFileType = sourcecode.swift; path = ChatViewController.swift; sourceTree = "<group>"; };
		8BF4C63A1DF9EF230007A0EC /* FireCollectionViewCell.swift */ = {isa = PBXFileReference; fileEncoding = 4; lastKnownFileType = sourcecode.swift; path = FireCollectionViewCell.swift; sourceTree = "<group>"; };
		8BF4C63B1DF9EF230007A0EC /* ThumbCollectionViewCell.swift */ = {isa = PBXFileReference; fileEncoding = 4; lastKnownFileType = sourcecode.swift; path = ThumbCollectionViewCell.swift; sourceTree = "<group>"; };
		8BFB3B311DDE4121005246DB /* Helper.swift */ = {isa = PBXFileReference; fileEncoding = 4; lastKnownFileType = sourcecode.swift; path = Helper.swift; sourceTree = "<group>"; };
		A594B99312712018E4869DD4 /* Pods-HotLikeMeTests.debug.xcconfig */ = {isa = PBXFileReference; includeInIndex = 1; lastKnownFileType = text.xcconfig; name = "Pods-HotLikeMeTests.debug.xcconfig"; path = "Pods/Target Support Files/Pods-HotLikeMeTests/Pods-HotLikeMeTests.debug.xcconfig"; sourceTree = "<group>"; };
		AB6C2DF49E021DB3DBD6EB1B /* Pods_HotLikeMeTests.framework */ = {isa = PBXFileReference; explicitFileType = wrapper.framework; includeInIndex = 0; path = Pods_HotLikeMeTests.framework; sourceTree = BUILT_PRODUCTS_DIR; };
		AF436957343F4E14717DFD17 /* Pods-HotLikeMeUITests.debug.xcconfig */ = {isa = PBXFileReference; includeInIndex = 1; lastKnownFileType = text.xcconfig; name = "Pods-HotLikeMeUITests.debug.xcconfig"; path = "Pods/Target Support Files/Pods-HotLikeMeUITests/Pods-HotLikeMeUITests.debug.xcconfig"; sourceTree = "<group>"; };
/* End PBXFileReference section */

/* Begin PBXFrameworksBuildPhase section */
		8BA015FB1DDCD2DC0042B165 /* Frameworks */ = {
			isa = PBXFrameworksBuildPhase;
			buildActionMask = 2147483647;
			files = (
				7601290C5E821D0C45A04353 /* Pods_HotLikeMe.framework in Frameworks */,
			);
			runOnlyForDeploymentPostprocessing = 0;
		};
		8BA0160F1DDCD2DD0042B165 /* Frameworks */ = {
			isa = PBXFrameworksBuildPhase;
			buildActionMask = 2147483647;
			files = (
				3FF500489D0F8511DC297021 /* Pods_HotLikeMeTests.framework in Frameworks */,
			);
			runOnlyForDeploymentPostprocessing = 0;
		};
		8BA0161A1DDCD2DD0042B165 /* Frameworks */ = {
			isa = PBXFrameworksBuildPhase;
			buildActionMask = 2147483647;
			files = (
				6AEE62CA7E41F99491B3B711 /* Pods_HotLikeMeUITests.framework in Frameworks */,
			);
			runOnlyForDeploymentPostprocessing = 0;
		};
/* End PBXFrameworksBuildPhase section */

/* Begin PBXGroup section */
		498605197B7F802E8347AA48 /* Pods */ = {
			isa = PBXGroup;
			children = (
				299D7A2E8B20DDFCF7218BB8 /* Pods-HotLikeMe.debug.xcconfig */,
				6B8952C1F193439A9C944860 /* Pods-HotLikeMe.release.xcconfig */,
				A594B99312712018E4869DD4 /* Pods-HotLikeMeTests.debug.xcconfig */,
				2235AA183AA185F3B0D962F9 /* Pods-HotLikeMeTests.release.xcconfig */,
				AF436957343F4E14717DFD17 /* Pods-HotLikeMeUITests.debug.xcconfig */,
				0B66EEDC9B8006B2EC8C2221 /* Pods-HotLikeMeUITests.release.xcconfig */,
			);
			name = Pods;
			sourceTree = "<group>";
		};
		8BA015F51DDCD2DC0042B165 = {
			isa = PBXGroup;
			children = (
				8BA016001DDCD2DC0042B165 /* HotLikeMe */,
				8BA016151DDCD2DD0042B165 /* HotLikeMeTests */,
				8BA016201DDCD2DD0042B165 /* HotLikeMeUITests */,
				8BA015FF1DDCD2DC0042B165 /* Products */,
				8BA016311DDCD4B90042B165 /* Frameworks */,
				498605197B7F802E8347AA48 /* Pods */,
			);
			sourceTree = "<group>";
		};
		8BA015FF1DDCD2DC0042B165 /* Products */ = {
			isa = PBXGroup;
			children = (
				8BA015FE1DDCD2DC0042B165 /* HotLikeMe.app */,
				8BA016121DDCD2DD0042B165 /* HotLikeMeTests.xctest */,
				8BA0161D1DDCD2DD0042B165 /* HotLikeMeUITests.xctest */,
			);
			name = Products;
			sourceTree = "<group>";
		};
		8BA016001DDCD2DC0042B165 /* HotLikeMe */ = {
			isa = PBXGroup;
			children = (
				8BEA787F1DDE37E10092B093 /* HotLikeMe.entitlements */,
				8BA016011DDCD2DC0042B165 /* AppDelegate.swift */,
				8B1186BF1DE5EF93009F5C67 /* FireConnection.swift */,
				8BFB3B311DDE4121005246DB /* Helper.swift */,
				8BA016381DDCE4310042B165 /* HLMPageViewController.swift */,
				8BA0163A1DDCF2010042B165 /* LoginViewController.swift */,
				8BF4C63E1DF9EF620007A0EC /* Users View */,
				8BF4C6391DF9EE4F0007A0EC /* Image Browsers */,
				8BF4C6381DF9EE360007A0EC /* Chat */,
				8BA016051DDCD2DC0042B165 /* Main.storyboard */,
				8BA0160A1DDCD2DC0042B165 /* LaunchScreen.storyboard */,
				8BA016081DDCD2DC0042B165 /* Assets.xcassets */,
				8BEA787D1DDE2E530092B093 /* GoogleService-Info.plist */,
				8BA0160D1DDCD2DC0042B165 /* Info.plist */,
			);
			path = HotLikeMe;
			sourceTree = "<group>";
		};
		8BA016151DDCD2DD0042B165 /* HotLikeMeTests */ = {
			isa = PBXGroup;
			children = (
				8BA016161DDCD2DD0042B165 /* HotLikeMeTests.swift */,
				8BA016181DDCD2DD0042B165 /* Info.plist */,
			);
			path = HotLikeMeTests;
			sourceTree = "<group>";
		};
		8BA016201DDCD2DD0042B165 /* HotLikeMeUITests */ = {
			isa = PBXGroup;
			children = (
				8BA016211DDCD2DD0042B165 /* HotLikeMeUITests.swift */,
				8BA016231DDCD2DD0042B165 /* Info.plist */,
			);
			path = HotLikeMeUITests;
			sourceTree = "<group>";
		};
		8BA016311DDCD4B90042B165 /* Frameworks */ = {
			isa = PBXGroup;
			children = (
				5F4BFF0CA240A11935FE9A0E /* Pods_HotLikeMe.framework */,
				AB6C2DF49E021DB3DBD6EB1B /* Pods_HotLikeMeTests.framework */,
				844ADF8DDE6C46590D280496 /* Pods_HotLikeMeUITests.framework */,
			);
			name = Frameworks;
			sourceTree = "<group>";
		};
		8BF4C6381DF9EE360007A0EC /* Chat */ = {
			isa = PBXGroup;
			children = (
				8BD3C8411DF8661300D52483 /* ChatUserListTableViewController.swift */,
				8BD3C8431DF867B900D52483 /* ChatUserCellTableViewCell.swift */,
				8BF4C6361DF9EDFC0007A0EC /* ChatViewController.swift */,
				8BD3C8451DF8851E00D52483 /* Users.swift */,
			);
			name = Chat;
			sourceTree = "<group>";
		};
		8BF4C6391DF9EE4F0007A0EC /* Image Browsers */ = {
			isa = PBXGroup;
			children = (
				8BF4C63A1DF9EF230007A0EC /* FireCollectionViewCell.swift */,
				8BF4C63B1DF9EF230007A0EC /* ThumbCollectionViewCell.swift */,
				8BF453421DE4D88300C43195 /* UploadImageCollectionViewController.swift */,
				8B1186C31DE63946009F5C67 /* SelectProfilePicCollectionViewController.swift */,
			);
			name = "Image Browsers";
			sourceTree = "<group>";
		};
		8BF4C63E1DF9EF620007A0EC /* Users View */ = {
			isa = PBXGroup;
			children = (
				8BECB9B31DEF68F0005A6E6B /* UsersViewController.swift */,
				8BA0163C1DDD080D0042B165 /* RatingControl.swift */,
			);
			name = "Users View";
			sourceTree = "<group>";
		};
/* End PBXGroup section */

/* Begin PBXNativeTarget section */
		8BA015FD1DDCD2DC0042B165 /* HotLikeMe */ = {
			isa = PBXNativeTarget;
			buildConfigurationList = 8BA016261DDCD2DD0042B165 /* Build configuration list for PBXNativeTarget "HotLikeMe" */;
			buildPhases = (
				4F056432FF1E06DB725A5171 /* [CP] Check Pods Manifest.lock */,
				8BA015FA1DDCD2DC0042B165 /* Sources */,
				8BA015FB1DDCD2DC0042B165 /* Frameworks */,
				8BA015FC1DDCD2DC0042B165 /* Resources */,
				5BEE93689A6376705EE1C215 /* [CP] Embed Pods Frameworks */,
				62B919B4B7DDAA5C622B9C88 /* [CP] Copy Pods Resources */,
			);
			buildRules = (
			);
			dependencies = (
			);
			name = HotLikeMe;
			productName = HotLikeMe;
			productReference = 8BA015FE1DDCD2DC0042B165 /* HotLikeMe.app */;
			productType = "com.apple.product-type.application";
		};
		8BA016111DDCD2DD0042B165 /* HotLikeMeTests */ = {
			isa = PBXNativeTarget;
			buildConfigurationList = 8BA016291DDCD2DD0042B165 /* Build configuration list for PBXNativeTarget "HotLikeMeTests" */;
			buildPhases = (
				0D55EC70F84AD4AB86E64D07 /* [CP] Check Pods Manifest.lock */,
				8BA0160E1DDCD2DD0042B165 /* Sources */,
				8BA0160F1DDCD2DD0042B165 /* Frameworks */,
				8BA016101DDCD2DD0042B165 /* Resources */,
				08C958AC7DB4DE3D8144BA82 /* [CP] Embed Pods Frameworks */,
				9D0DD56EA0F4DA5BD85D930F /* [CP] Copy Pods Resources */,
			);
			buildRules = (
			);
			dependencies = (
				8BA016141DDCD2DD0042B165 /* PBXTargetDependency */,
			);
			name = HotLikeMeTests;
			productName = HotLikeMeTests;
			productReference = 8BA016121DDCD2DD0042B165 /* HotLikeMeTests.xctest */;
			productType = "com.apple.product-type.bundle.unit-test";
		};
		8BA0161C1DDCD2DD0042B165 /* HotLikeMeUITests */ = {
			isa = PBXNativeTarget;
			buildConfigurationList = 8BA0162C1DDCD2DD0042B165 /* Build configuration list for PBXNativeTarget "HotLikeMeUITests" */;
			buildPhases = (
				AF513DA637A7D8AD8D62D974 /* [CP] Check Pods Manifest.lock */,
				8BA016191DDCD2DD0042B165 /* Sources */,
				8BA0161A1DDCD2DD0042B165 /* Frameworks */,
				8BA0161B1DDCD2DD0042B165 /* Resources */,
				418BEC292F0DDBD59C74154A /* [CP] Embed Pods Frameworks */,
				A983782587964ED5AB57D751 /* [CP] Copy Pods Resources */,
			);
			buildRules = (
			);
			dependencies = (
				8BA0161F1DDCD2DD0042B165 /* PBXTargetDependency */,
			);
			name = HotLikeMeUITests;
			productName = HotLikeMeUITests;
			productReference = 8BA0161D1DDCD2DD0042B165 /* HotLikeMeUITests.xctest */;
			productType = "com.apple.product-type.bundle.ui-testing";
		};
/* End PBXNativeTarget section */

/* Begin PBXProject section */
		8BA015F61DDCD2DC0042B165 /* Project object */ = {
			isa = PBXProject;
			attributes = {
				LastSwiftUpdateCheck = 0810;
				LastUpgradeCheck = 0810;
				ORGANIZATIONNAME = MezcalDev;
				TargetAttributes = {
					8BA015FD1DDCD2DC0042B165 = {
						CreatedOnToolsVersion = 8.1;
						DevelopmentTeam = K44FR6FQDE;
						ProvisioningStyle = Automatic;
						SystemCapabilities = {
							com.apple.Keychain = {
								enabled = 1;
							};
						};
					};
					8BA016111DDCD2DD0042B165 = {
						CreatedOnToolsVersion = 8.1;
						ProvisioningStyle = Automatic;
						TestTargetID = 8BA015FD1DDCD2DC0042B165;
					};
					8BA0161C1DDCD2DD0042B165 = {
						CreatedOnToolsVersion = 8.1;
						ProvisioningStyle = Automatic;
						TestTargetID = 8BA015FD1DDCD2DC0042B165;
					};
				};
			};
			buildConfigurationList = 8BA015F91DDCD2DC0042B165 /* Build configuration list for PBXProject "HotLikeMe" */;
			compatibilityVersion = "Xcode 3.2";
			developmentRegion = English;
			hasScannedForEncodings = 0;
			knownRegions = (
				en,
				Base,
			);
			mainGroup = 8BA015F51DDCD2DC0042B165;
			productRefGroup = 8BA015FF1DDCD2DC0042B165 /* Products */;
			projectDirPath = "";
			projectRoot = "";
			targets = (
				8BA015FD1DDCD2DC0042B165 /* HotLikeMe */,
				8BA016111DDCD2DD0042B165 /* HotLikeMeTests */,
				8BA0161C1DDCD2DD0042B165 /* HotLikeMeUITests */,
			);
		};
/* End PBXProject section */

/* Begin PBXResourcesBuildPhase section */
		8BA015FC1DDCD2DC0042B165 /* Resources */ = {
			isa = PBXResourcesBuildPhase;
			buildActionMask = 2147483647;
			files = (
				8BA0160C1DDCD2DC0042B165 /* LaunchScreen.storyboard in Resources */,
				8BEA787E1DDE2E530092B093 /* GoogleService-Info.plist in Resources */,
				8BA016091DDCD2DC0042B165 /* Assets.xcassets in Resources */,
				8BA016071DDCD2DC0042B165 /* Main.storyboard in Resources */,
			);
			runOnlyForDeploymentPostprocessing = 0;
		};
		8BA016101DDCD2DD0042B165 /* Resources */ = {
			isa = PBXResourcesBuildPhase;
			buildActionMask = 2147483647;
			files = (
			);
			runOnlyForDeploymentPostprocessing = 0;
		};
		8BA0161B1DDCD2DD0042B165 /* Resources */ = {
			isa = PBXResourcesBuildPhase;
			buildActionMask = 2147483647;
			files = (
			);
			runOnlyForDeploymentPostprocessing = 0;
		};
/* End PBXResourcesBuildPhase section */

/* Begin PBXShellScriptBuildPhase section */
		08C958AC7DB4DE3D8144BA82 /* [CP] Embed Pods Frameworks */ = {
			isa = PBXShellScriptBuildPhase;
			buildActionMask = 2147483647;
			files = (
			);
			inputPaths = (
			);
			name = "[CP] Embed Pods Frameworks";
			outputPaths = (
			);
			runOnlyForDeploymentPostprocessing = 0;
			shellPath = /bin/sh;
			shellScript = "\"${SRCROOT}/Pods/Target Support Files/Pods-HotLikeMeTests/Pods-HotLikeMeTests-frameworks.sh\"\n";
			showEnvVarsInLog = 0;
		};
		0D55EC70F84AD4AB86E64D07 /* [CP] Check Pods Manifest.lock */ = {
			isa = PBXShellScriptBuildPhase;
			buildActionMask = 2147483647;
			files = (
			);
			inputPaths = (
			);
			name = "[CP] Check Pods Manifest.lock";
			outputPaths = (
			);
			runOnlyForDeploymentPostprocessing = 0;
			shellPath = /bin/sh;
			shellScript = "diff \"${PODS_ROOT}/../Podfile.lock\" \"${PODS_ROOT}/Manifest.lock\" > /dev/null\nif [ $? != 0 ] ; then\n    # print error to STDERR\n    echo \"error: The sandbox is not in sync with the Podfile.lock. Run 'pod install' or update your CocoaPods installation.\" >&2\n    exit 1\nfi\n";
			showEnvVarsInLog = 0;
		};
		418BEC292F0DDBD59C74154A /* [CP] Embed Pods Frameworks */ = {
			isa = PBXShellScriptBuildPhase;
			buildActionMask = 2147483647;
			files = (
			);
			inputPaths = (
			);
			name = "[CP] Embed Pods Frameworks";
			outputPaths = (
			);
			runOnlyForDeploymentPostprocessing = 0;
			shellPath = /bin/sh;
			shellScript = "\"${SRCROOT}/Pods/Target Support Files/Pods-HotLikeMeUITests/Pods-HotLikeMeUITests-frameworks.sh\"\n";
			showEnvVarsInLog = 0;
		};
		4F056432FF1E06DB725A5171 /* [CP] Check Pods Manifest.lock */ = {
			isa = PBXShellScriptBuildPhase;
			buildActionMask = 2147483647;
			files = (
			);
			inputPaths = (
			);
			name = "[CP] Check Pods Manifest.lock";
			outputPaths = (
			);
			runOnlyForDeploymentPostprocessing = 0;
			shellPath = /bin/sh;
			shellScript = "diff \"${PODS_ROOT}/../Podfile.lock\" \"${PODS_ROOT}/Manifest.lock\" > /dev/null\nif [ $? != 0 ] ; then\n    # print error to STDERR\n    echo \"error: The sandbox is not in sync with the Podfile.lock. Run 'pod install' or update your CocoaPods installation.\" >&2\n    exit 1\nfi\n";
			showEnvVarsInLog = 0;
		};
		5BEE93689A6376705EE1C215 /* [CP] Embed Pods Frameworks */ = {
			isa = PBXShellScriptBuildPhase;
			buildActionMask = 2147483647;
			files = (
			);
			inputPaths = (
			);
			name = "[CP] Embed Pods Frameworks";
			outputPaths = (
			);
			runOnlyForDeploymentPostprocessing = 0;
			shellPath = /bin/sh;
			shellScript = "\"${SRCROOT}/Pods/Target Support Files/Pods-HotLikeMe/Pods-HotLikeMe-frameworks.sh\"\n";
			showEnvVarsInLog = 0;
		};
		62B919B4B7DDAA5C622B9C88 /* [CP] Copy Pods Resources */ = {
			isa = PBXShellScriptBuildPhase;
			buildActionMask = 2147483647;
			files = (
			);
			inputPaths = (
			);
			name = "[CP] Copy Pods Resources";
			outputPaths = (
			);
			runOnlyForDeploymentPostprocessing = 0;
			shellPath = /bin/sh;
			shellScript = "\"${SRCROOT}/Pods/Target Support Files/Pods-HotLikeMe/Pods-HotLikeMe-resources.sh\"\n";
			showEnvVarsInLog = 0;
		};
		9D0DD56EA0F4DA5BD85D930F /* [CP] Copy Pods Resources */ = {
			isa = PBXShellScriptBuildPhase;
			buildActionMask = 2147483647;
			files = (
			);
			inputPaths = (
			);
			name = "[CP] Copy Pods Resources";
			outputPaths = (
			);
			runOnlyForDeploymentPostprocessing = 0;
			shellPath = /bin/sh;
			shellScript = "\"${SRCROOT}/Pods/Target Support Files/Pods-HotLikeMeTests/Pods-HotLikeMeTests-resources.sh\"\n";
			showEnvVarsInLog = 0;
		};
		A983782587964ED5AB57D751 /* [CP] Copy Pods Resources */ = {
			isa = PBXShellScriptBuildPhase;
			buildActionMask = 2147483647;
			files = (
			);
			inputPaths = (
			);
			name = "[CP] Copy Pods Resources";
			outputPaths = (
			);
			runOnlyForDeploymentPostprocessing = 0;
			shellPath = /bin/sh;
			shellScript = "\"${SRCROOT}/Pods/Target Support Files/Pods-HotLikeMeUITests/Pods-HotLikeMeUITests-resources.sh\"\n";
			showEnvVarsInLog = 0;
		};
		AF513DA637A7D8AD8D62D974 /* [CP] Check Pods Manifest.lock */ = {
			isa = PBXShellScriptBuildPhase;
			buildActionMask = 2147483647;
			files = (
			);
			inputPaths = (
			);
			name = "[CP] Check Pods Manifest.lock";
			outputPaths = (
			);
			runOnlyForDeploymentPostprocessing = 0;
			shellPath = /bin/sh;
			shellScript = "diff \"${PODS_ROOT}/../Podfile.lock\" \"${PODS_ROOT}/Manifest.lock\" > /dev/null\nif [ $? != 0 ] ; then\n    # print error to STDERR\n    echo \"error: The sandbox is not in sync with the Podfile.lock. Run 'pod install' or update your CocoaPods installation.\" >&2\n    exit 1\nfi\n";
			showEnvVarsInLog = 0;
		};
/* End PBXShellScriptBuildPhase section */

/* Begin PBXSourcesBuildPhase section */
		8BA015FA1DDCD2DC0042B165 /* Sources */ = {
			isa = PBXSourcesBuildPhase;
			buildActionMask = 2147483647;
			files = (
				8BF4C63C1DF9EF230007A0EC /* FireCollectionViewCell.swift in Sources */,
				8BA0163B1DDCF2010042B165 /* LoginViewController.swift in Sources */,
				8BECB9B41DEF68F0005A6E6B /* UsersViewController.swift in Sources */,
				8BF4C6371DF9EDFC0007A0EC /* ChatViewController.swift in Sources */,
				8B1186C41DE63946009F5C67 /* SelectProfilePicCollectionViewController.swift in Sources */,
				8BD3C8441DF867B900D52483 /* ChatUserCellTableViewCell.swift in Sources */,
				8BA016021DDCD2DC0042B165 /* AppDelegate.swift in Sources */,
				8BF453431DE4D88300C43195 /* UploadImageCollectionViewController.swift in Sources */,
				8BD3C8461DF8851E00D52483 /* Users.swift in Sources */,
				8BA0163D1DDD080D0042B165 /* RatingControl.swift in Sources */,
				8B1186C01DE5EF93009F5C67 /* FireConnection.swift in Sources */,
				8BA016391DDCE4310042B165 /* HLMPageViewController.swift in Sources */,
				8BFB3B321DDE4121005246DB /* Helper.swift in Sources */,
				8BD3C8421DF8661300D52483 /* ChatUserListTableViewController.swift in Sources */,
				8BF4C63D1DF9EF230007A0EC /* ThumbCollectionViewCell.swift in Sources */,
			);
			runOnlyForDeploymentPostprocessing = 0;
		};
		8BA0160E1DDCD2DD0042B165 /* Sources */ = {
			isa = PBXSourcesBuildPhase;
			buildActionMask = 2147483647;
			files = (
				8BA016171DDCD2DD0042B165 /* HotLikeMeTests.swift in Sources */,
			);
			runOnlyForDeploymentPostprocessing = 0;
		};
		8BA016191DDCD2DD0042B165 /* Sources */ = {
			isa = PBXSourcesBuildPhase;
			buildActionMask = 2147483647;
			files = (
				8BA016221DDCD2DD0042B165 /* HotLikeMeUITests.swift in Sources */,
			);
			runOnlyForDeploymentPostprocessing = 0;
		};
/* End PBXSourcesBuildPhase section */

/* Begin PBXTargetDependency section */
		8BA016141DDCD2DD0042B165 /* PBXTargetDependency */ = {
			isa = PBXTargetDependency;
			target = 8BA015FD1DDCD2DC0042B165 /* HotLikeMe */;
			targetProxy = 8BA016131DDCD2DD0042B165 /* PBXContainerItemProxy */;
		};
		8BA0161F1DDCD2DD0042B165 /* PBXTargetDependency */ = {
			isa = PBXTargetDependency;
			target = 8BA015FD1DDCD2DC0042B165 /* HotLikeMe */;
			targetProxy = 8BA0161E1DDCD2DD0042B165 /* PBXContainerItemProxy */;
		};
/* End PBXTargetDependency section */

/* Begin PBXVariantGroup section */
		8BA016051DDCD2DC0042B165 /* Main.storyboard */ = {
			isa = PBXVariantGroup;
			children = (
				8BA016061DDCD2DC0042B165 /* Base */,
			);
			name = Main.storyboard;
			sourceTree = "<group>";
		};
		8BA0160A1DDCD2DC0042B165 /* LaunchScreen.storyboard */ = {
			isa = PBXVariantGroup;
			children = (
				8BA0160B1DDCD2DC0042B165 /* Base */,
			);
			name = LaunchScreen.storyboard;
			sourceTree = "<group>";
		};
/* End PBXVariantGroup section */

/* Begin XCBuildConfiguration section */
		8BA016241DDCD2DD0042B165 /* Debug */ = {
			isa = XCBuildConfiguration;
			buildSettings = {
				ALWAYS_SEARCH_USER_PATHS = NO;
				CLANG_ANALYZER_NONNULL = YES;
				CLANG_CXX_LANGUAGE_STANDARD = "gnu++0x";
				CLANG_CXX_LIBRARY = "libc++";
				CLANG_ENABLE_MODULES = YES;
				CLANG_ENABLE_OBJC_ARC = YES;
				CLANG_WARN_BOOL_CONVERSION = YES;
				CLANG_WARN_CONSTANT_CONVERSION = YES;
				CLANG_WARN_DIRECT_OBJC_ISA_USAGE = YES_ERROR;
				CLANG_WARN_DOCUMENTATION_COMMENTS = YES;
				CLANG_WARN_EMPTY_BODY = YES;
				CLANG_WARN_ENUM_CONVERSION = YES;
				CLANG_WARN_INFINITE_RECURSION = YES;
				CLANG_WARN_INT_CONVERSION = YES;
				CLANG_WARN_OBJC_ROOT_CLASS = YES_ERROR;
				CLANG_WARN_SUSPICIOUS_MOVE = YES;
				CLANG_WARN_SUSPICIOUS_MOVES = YES;
				CLANG_WARN_UNREACHABLE_CODE = YES;
				CLANG_WARN__DUPLICATE_METHOD_MATCH = YES;
				"CODE_SIGN_IDENTITY[sdk=iphoneos*]" = "iPhone Developer";
				COPY_PHASE_STRIP = NO;
				DEBUG_INFORMATION_FORMAT = dwarf;
				ENABLE_STRICT_OBJC_MSGSEND = YES;
				ENABLE_TESTABILITY = YES;
				GCC_C_LANGUAGE_STANDARD = gnu99;
				GCC_DYNAMIC_NO_PIC = NO;
				GCC_NO_COMMON_BLOCKS = YES;
				GCC_OPTIMIZATION_LEVEL = 0;
				GCC_PREPROCESSOR_DEFINITIONS = (
					"DEBUG=1",
					"$(inherited)",
				);
				GCC_WARN_64_TO_32_BIT_CONVERSION = YES;
				GCC_WARN_ABOUT_RETURN_TYPE = YES_ERROR;
				GCC_WARN_UNDECLARED_SELECTOR = YES;
				GCC_WARN_UNINITIALIZED_AUTOS = YES_AGGRESSIVE;
				GCC_WARN_UNUSED_FUNCTION = YES;
				GCC_WARN_UNUSED_VARIABLE = YES;
				IPHONEOS_DEPLOYMENT_TARGET = 10.1;
				MTL_ENABLE_DEBUG_INFO = YES;
				ONLY_ACTIVE_ARCH = YES;
				SDKROOT = iphoneos;
				SWIFT_ACTIVE_COMPILATION_CONDITIONS = DEBUG;
				SWIFT_OPTIMIZATION_LEVEL = "-Onone";
				TARGETED_DEVICE_FAMILY = "1,2";
			};
			name = Debug;
		};
		8BA016251DDCD2DD0042B165 /* Release */ = {
			isa = XCBuildConfiguration;
			buildSettings = {
				ALWAYS_SEARCH_USER_PATHS = NO;
				CLANG_ANALYZER_NONNULL = YES;
				CLANG_CXX_LANGUAGE_STANDARD = "gnu++0x";
				CLANG_CXX_LIBRARY = "libc++";
				CLANG_ENABLE_MODULES = YES;
				CLANG_ENABLE_OBJC_ARC = YES;
				CLANG_WARN_BOOL_CONVERSION = YES;
				CLANG_WARN_CONSTANT_CONVERSION = YES;
				CLANG_WARN_DIRECT_OBJC_ISA_USAGE = YES_ERROR;
				CLANG_WARN_DOCUMENTATION_COMMENTS = YES;
				CLANG_WARN_EMPTY_BODY = YES;
				CLANG_WARN_ENUM_CONVERSION = YES;
				CLANG_WARN_INFINITE_RECURSION = YES;
				CLANG_WARN_INT_CONVERSION = YES;
				CLANG_WARN_OBJC_ROOT_CLASS = YES_ERROR;
				CLANG_WARN_SUSPICIOUS_MOVE = YES;
				CLANG_WARN_SUSPICIOUS_MOVES = YES;
				CLANG_WARN_UNREACHABLE_CODE = YES;
				CLANG_WARN__DUPLICATE_METHOD_MATCH = YES;
				"CODE_SIGN_IDENTITY[sdk=iphoneos*]" = "iPhone Developer";
				COPY_PHASE_STRIP = NO;
				DEBUG_INFORMATION_FORMAT = "dwarf-with-dsym";
				ENABLE_NS_ASSERTIONS = NO;
				ENABLE_STRICT_OBJC_MSGSEND = YES;
				GCC_C_LANGUAGE_STANDARD = gnu99;
				GCC_NO_COMMON_BLOCKS = YES;
				GCC_WARN_64_TO_32_BIT_CONVERSION = YES;
				GCC_WARN_ABOUT_RETURN_TYPE = YES_ERROR;
				GCC_WARN_UNDECLARED_SELECTOR = YES;
				GCC_WARN_UNINITIALIZED_AUTOS = YES_AGGRESSIVE;
				GCC_WARN_UNUSED_FUNCTION = YES;
				GCC_WARN_UNUSED_VARIABLE = YES;
				IPHONEOS_DEPLOYMENT_TARGET = 10.1;
				MTL_ENABLE_DEBUG_INFO = NO;
				SDKROOT = iphoneos;
				SWIFT_OPTIMIZATION_LEVEL = "-Owholemodule";
				TARGETED_DEVICE_FAMILY = "1,2";
				VALIDATE_PRODUCT = YES;
			};
			name = Release;
		};
		8BA016271DDCD2DD0042B165 /* Debug */ = {
			isa = XCBuildConfiguration;
			baseConfigurationReference = 299D7A2E8B20DDFCF7218BB8 /* Pods-HotLikeMe.debug.xcconfig */;
			buildSettings = {
				ALWAYS_EMBED_SWIFT_STANDARD_LIBRARIES = YES;
				ASSETCATALOG_COMPILER_APPICON_NAME = AppIcon;
				CODE_SIGN_ENTITLEMENTS = HotLikeMe/HotLikeMe.entitlements;
				DEVELOPMENT_TEAM = K44FR6FQDE;
				INFOPLIST_FILE = HotLikeMe/Info.plist;
				LD_RUNPATH_SEARCH_PATHS = "$(inherited) @executable_path/Frameworks";
				PRODUCT_BUNDLE_IDENTIFIER = com.mezcaldev.HotLikeMe;
				PRODUCT_NAME = "$(TARGET_NAME)";
				SWIFT_VERSION = 3.0;
			};
			name = Debug;
		};
		8BA016281DDCD2DD0042B165 /* Release */ = {
			isa = XCBuildConfiguration;
			baseConfigurationReference = 6B8952C1F193439A9C944860 /* Pods-HotLikeMe.release.xcconfig */;
			buildSettings = {
				ALWAYS_EMBED_SWIFT_STANDARD_LIBRARIES = YES;
				ASSETCATALOG_COMPILER_APPICON_NAME = AppIcon;
				CODE_SIGN_ENTITLEMENTS = HotLikeMe/HotLikeMe.entitlements;
				DEVELOPMENT_TEAM = K44FR6FQDE;
				INFOPLIST_FILE = HotLikeMe/Info.plist;
				LD_RUNPATH_SEARCH_PATHS = "$(inherited) @executable_path/Frameworks";
				PRODUCT_BUNDLE_IDENTIFIER = com.mezcaldev.HotLikeMe;
				PRODUCT_NAME = "$(TARGET_NAME)";
				SWIFT_VERSION = 3.0;
			};
			name = Release;
		};
		8BA0162A1DDCD2DD0042B165 /* Debug */ = {
			isa = XCBuildConfiguration;
			baseConfigurationReference = A594B99312712018E4869DD4 /* Pods-HotLikeMeTests.debug.xcconfig */;
			buildSettings = {
				ALWAYS_EMBED_SWIFT_STANDARD_LIBRARIES = YES;
				BUNDLE_LOADER = "$(TEST_HOST)";
				INFOPLIST_FILE = HotLikeMeTests/Info.plist;
				LD_RUNPATH_SEARCH_PATHS = "$(inherited) @executable_path/Frameworks @loader_path/Frameworks";
				PRODUCT_BUNDLE_IDENTIFIER = com.mezcaldev.HotLikeMeTests;
				PRODUCT_NAME = "$(TARGET_NAME)";
				SWIFT_VERSION = 3.0;
				TEST_HOST = "$(BUILT_PRODUCTS_DIR)/HotLikeMe.app/HotLikeMe";
			};
			name = Debug;
		};
		8BA0162B1DDCD2DD0042B165 /* Release */ = {
			isa = XCBuildConfiguration;
			baseConfigurationReference = 2235AA183AA185F3B0D962F9 /* Pods-HotLikeMeTests.release.xcconfig */;
			buildSettings = {
				ALWAYS_EMBED_SWIFT_STANDARD_LIBRARIES = YES;
				BUNDLE_LOADER = "$(TEST_HOST)";
				INFOPLIST_FILE = HotLikeMeTests/Info.plist;
				LD_RUNPATH_SEARCH_PATHS = "$(inherited) @executable_path/Frameworks @loader_path/Frameworks";
				PRODUCT_BUNDLE_IDENTIFIER = com.mezcaldev.HotLikeMeTests;
				PRODUCT_NAME = "$(TARGET_NAME)";
				SWIFT_VERSION = 3.0;
				TEST_HOST = "$(BUILT_PRODUCTS_DIR)/HotLikeMe.app/HotLikeMe";
			};
			name = Release;
		};
		8BA0162D1DDCD2DD0042B165 /* Debug */ = {
			isa = XCBuildConfiguration;
			baseConfigurationReference = AF436957343F4E14717DFD17 /* Pods-HotLikeMeUITests.debug.xcconfig */;
			buildSettings = {
				ALWAYS_EMBED_SWIFT_STANDARD_LIBRARIES = YES;
				INFOPLIST_FILE = HotLikeMeUITests/Info.plist;
				LD_RUNPATH_SEARCH_PATHS = "$(inherited) @executable_path/Frameworks @loader_path/Frameworks";
				PRODUCT_BUNDLE_IDENTIFIER = com.mezcaldev.HotLikeMeUITests;
				PRODUCT_NAME = "$(TARGET_NAME)";
				SWIFT_VERSION = 3.0;
				TEST_TARGET_NAME = HotLikeMe;
			};
			name = Debug;
		};
		8BA0162E1DDCD2DD0042B165 /* Release */ = {
			isa = XCBuildConfiguration;
			baseConfigurationReference = 0B66EEDC9B8006B2EC8C2221 /* Pods-HotLikeMeUITests.release.xcconfig */;
			buildSettings = {
				ALWAYS_EMBED_SWIFT_STANDARD_LIBRARIES = YES;
				INFOPLIST_FILE = HotLikeMeUITests/Info.plist;
				LD_RUNPATH_SEARCH_PATHS = "$(inherited) @executable_path/Frameworks @loader_path/Frameworks";
				PRODUCT_BUNDLE_IDENTIFIER = com.mezcaldev.HotLikeMeUITests;
				PRODUCT_NAME = "$(TARGET_NAME)";
				SWIFT_VERSION = 3.0;
				TEST_TARGET_NAME = HotLikeMe;
			};
			name = Release;
		};
/* End XCBuildConfiguration section */

/* Begin XCConfigurationList section */
		8BA015F91DDCD2DC0042B165 /* Build configuration list for PBXProject "HotLikeMe" */ = {
			isa = XCConfigurationList;
			buildConfigurations = (
				8BA016241DDCD2DD0042B165 /* Debug */,
				8BA016251DDCD2DD0042B165 /* Release */,
			);
			defaultConfigurationIsVisible = 0;
			defaultConfigurationName = Release;
		};
		8BA016261DDCD2DD0042B165 /* Build configuration list for PBXNativeTarget "HotLikeMe" */ = {
			isa = XCConfigurationList;
			buildConfigurations = (
				8BA016271DDCD2DD0042B165 /* Debug */,
				8BA016281DDCD2DD0042B165 /* Release */,
			);
			defaultConfigurationIsVisible = 0;
			defaultConfigurationName = Release;
		};
		8BA016291DDCD2DD0042B165 /* Build configuration list for PBXNativeTarget "HotLikeMeTests" */ = {
			isa = XCConfigurationList;
			buildConfigurations = (
				8BA0162A1DDCD2DD0042B165 /* Debug */,
				8BA0162B1DDCD2DD0042B165 /* Release */,
			);
			defaultConfigurationIsVisible = 0;
			defaultConfigurationName = Release;
		};
		8BA0162C1DDCD2DD0042B165 /* Build configuration list for PBXNativeTarget "HotLikeMeUITests" */ = {
			isa = XCConfigurationList;
			buildConfigurations = (
				8BA0162D1DDCD2DD0042B165 /* Debug */,
				8BA0162E1DDCD2DD0042B165 /* Release */,
			);
			defaultConfigurationIsVisible = 0;
			defaultConfigurationName = Release;
		};
/* End XCConfigurationList section */
	};
	rootObject = 8BA015F61DDCD2DC0042B165 /* Project object */;
}
